
Microsoft Visual Studio Solution File, Format Version 12.00
# Visual Studio Version 17
VisualStudioVersion = 17.8.34511.84
MinimumVisualStudioVersion = 10.0.40219.1
Project("{9A19103F-16F7-4668-BE54-9A1E7A4F7556}") = "ApiWeb Spiegazione", "ApiWeb Spiegazione\ApiWeb Spiegazione.csproj", "{BAF77991-E428-464A-9844-7E75AC7B762B}"
EndProject
Global
	GlobalSection(SolutionConfigurationPlatforms) = preSolution
		Debug|Any CPU = Debug|Any CPU
		Release|Any CPU = Release|Any CPU
	EndGlobalSection
	GlobalSection(ProjectConfigurationPlatforms) = postSolution
		{BAF77991-E428-464A-9844-7E75AC7B762B}.Debug|Any CPU.ActiveCfg = Debug|Any CPU
		{BAF77991-E428-464A-9844-7E75AC7B762B}.Debug|Any CPU.Build.0 = Debug|Any CPU
		{BAF77991-E428-464A-9844-7E75AC7B762B}.Release|Any CPU.ActiveCfg = Release|Any CPU
		{BAF77991-E428-464A-9844-7E75AC7B762B}.Release|Any CPU.Build.0 = Release|Any CPU
	EndGlobalSection
	GlobalSection(SolutionProperties) = preSolution
		HideSolutionNode = FALSE
	EndGlobalSection
	GlobalSection(ExtensibilityGlobals) = postSolution
		SolutionGuid = {90F7B8F5-F813-48FF-A79D-E0CDCEB0E911}
	EndGlobalSection
EndGlobal
