
Microsoft Visual Studio Solution File, Format Version 12.00
# Visual Studio Version 17
VisualStudioVersion = 17.7.34221.43
MinimumVisualStudioVersion = 10.0.40219.1
Project("{FAE04EC0-301F-11D3-BF4B-00C04F79EFBC}") = "Introduzione C# Desktop", "Introduzione C# Desktop\Introduzione C# Desktop.csproj", "{97ACA6CC-2AF4-4DA2-A408-8E57711AE6BE}"
EndProject
Global
	GlobalSection(SolutionConfigurationPlatforms) = preSolution
		Debug|Any CPU = Debug|Any CPU
		Release|Any CPU = Release|Any CPU
	EndGlobalSection
	GlobalSection(ProjectConfigurationPlatforms) = postSolution
		{97ACA6CC-2AF4-4DA2-A408-8E57711AE6BE}.Debug|Any CPU.ActiveCfg = Debug|Any CPU
		{97ACA6CC-2AF4-4DA2-A408-8E57711AE6BE}.Debug|Any CPU.Build.0 = Debug|Any CPU
		{97ACA6CC-2AF4-4DA2-A408-8E57711AE6BE}.Release|Any CPU.ActiveCfg = Release|Any CPU
		{97ACA6CC-2AF4-4DA2-A408-8E57711AE6BE}.Release|Any CPU.Build.0 = Release|Any CPU
	EndGlobalSection
	GlobalSection(SolutionProperties) = preSolution
		HideSolutionNode = FALSE
	EndGlobalSection
	GlobalSection(ExtensibilityGlobals) = postSolution
		SolutionGuid = {E58EC0ED-4CB4-470D-A901-66F6B0E0890E}
	EndGlobalSection
EndGlobal
