
Microsoft Visual Studio Solution File, Format Version 12.00
# Visual Studio Version 17
VisualStudioVersion = 17.7.34221.43
MinimumVisualStudioVersion = 10.0.40219.1
Project("{FAE04EC0-301F-11D3-BF4B-00C04F79EFBC}") = "Prove", "Prove\Prove.csproj", "{638E176D-111A-4AAC-90E3-907E6E10A9EA}"
EndProject
Global
	GlobalSection(SolutionConfigurationPlatforms) = preSolution
		Debug|Any CPU = Debug|Any CPU
		Release|Any CPU = Release|Any CPU
	EndGlobalSection
	GlobalSection(ProjectConfigurationPlatforms) = postSolution
		{638E176D-111A-4AAC-90E3-907E6E10A9EA}.Debug|Any CPU.ActiveCfg = Debug|Any CPU
		{638E176D-111A-4AAC-90E3-907E6E10A9EA}.Debug|Any CPU.Build.0 = Debug|Any CPU
		{638E176D-111A-4AAC-90E3-907E6E10A9EA}.Release|Any CPU.ActiveCfg = Release|Any CPU
		{638E176D-111A-4AAC-90E3-907E6E10A9EA}.Release|Any CPU.Build.0 = Release|Any CPU
	EndGlobalSection
	GlobalSection(SolutionProperties) = preSolution
		HideSolutionNode = FALSE
	EndGlobalSection
	GlobalSection(ExtensibilityGlobals) = postSolution
		SolutionGuid = {A86E90DF-AB37-4B11-A233-B7515FC8F6A1}
	EndGlobalSection
EndGlobal
